// !$*UTF8*$!
{
	archiveVersion = 1;
	classes = {
	};
	objectVersion = 46;
	objects = {

/* Begin PBXBuildFile section */
		FC94D9161A494C820067988E /* main.m in Sources */ = {isa = PBXBuildFile; fileRef = FC94D9151A494C820067988E /* main.m */; };
		FC94D9191A494C820067988E /* AppDelegate.m in Sources */ = {isa = PBXBuildFile; fileRef = FC94D9181A494C820067988E /* AppDelegate.m */; };
		FC94D91C1A494C820067988E /* ViewController.m in Sources */ = {isa = PBXBuildFile; fileRef = FC94D91B1A494C820067988E /* ViewController.m */; };
		FC94D91F1A494C820067988E /* Main.storyboard in Resources */ = {isa = PBXBuildFile; fileRef = FC94D91D1A494C820067988E /* Main.storyboard */; };
		FC94D9211A494C820067988E /* Images.xcassets in Resources */ = {isa = PBXBuildFile; fileRef = FC94D9201A494C820067988E /* Images.xcassets */; };
		FC94D9241A494C820067988E /* LaunchScreen.xib in Resources */ = {isa = PBXBuildFile; fileRef = FC94D9221A494C820067988E /* LaunchScreen.xib */; };
		FC94D9301A494C820067988E /* AllDemoTests.m in Sources */ = {isa = PBXBuildFile; fileRef = FC94D92F1A494C820067988E /* AllDemoTests.m */; };
		FC94D93C1A4959D00067988E /* OneViewController.m in Sources */ = {isa = PBXBuildFile; fileRef = FC94D93B1A4959D00067988E /* OneViewController.m */; };
		FC94D93F1A4959E30067988E /* TwoViewController.m in Sources */ = {isa = PBXBuildFile; fileRef = FC94D93E1A4959E30067988E /* TwoViewController.m */; };
/* End PBXBuildFile section */

/* Begin PBXContainerItemProxy section */
		FC94D92A1A494C820067988E /* PBXContainerItemProxy */ = {
			isa = PBXContainerItemProxy;
			containerPortal = FC94D9081A494C820067988E /* Project object */;
			proxyType = 1;
			remoteGlobalIDString = FC94D90F1A494C820067988E;
			remoteInfo = AllDemo;
		};
/* End PBXContainerItemProxy section */

/* Begin PBXFileReference section */
		FC94D9101A494C820067988E /* AllDemo.app */ = {isa = PBXFileReference; explicitFileType = wrapper.application; includeInIndex = 0; path = AllDemo.app; sourceTree = BUILT_PRODUCTS_DIR; };
		FC94D9141A494C820067988E /* Info.plist */ = {isa = PBXFileReference; lastKnownFileType = text.plist.xml; path = Info.plist; sourceTree = "<group>"; };
		FC94D9151A494C820067988E /* main.m */ = {isa = PBXFileReference; lastKnownFileType = sourcecode.c.objc; path = main.m; sourceTree = "<group>"; };
		FC94D9171A494C820067988E /* AppDelegate.h */ = {isa = PBXFileReference; lastKnownFileType = sourcecode.c.h; path = AppDelegate.h; sourceTree = "<group>"; };
		FC94D9181A494C820067988E /* AppDelegate.m */ = {isa = PBXFileReference; lastKnownFileType = sourcecode.c.objc; path = AppDelegate.m; sourceTree = "<group>"; };
		FC94D91A1A494C820067988E /* ViewController.h */ = {isa = PBXFileReference; lastKnownFileType = sourcecode.c.h; path = ViewController.h; sourceTree = "<group>"; };
		FC94D91B1A494C820067988E /* ViewController.m */ = {isa = PBXFileReference; lastKnownFileType = sourcecode.c.objc; path = ViewController.m; sourceTree = "<group>"; };
		FC94D91E1A494C820067988E /* Base */ = {isa = PBXFileReference; lastKnownFileType = file.storyboard; name = Base; path = Base.lproj/Main.storyboard; sourceTree = "<group>"; };
		FC94D9201A494C820067988E /* Images.xcassets */ = {isa = PBXFileReference; lastKnownFileType = folder.assetcatalog; path = Images.xcassets; sourceTree = "<group>"; };
		FC94D9231A494C820067988E /* Base */ = {isa = PBXFileReference; lastKnownFileType = file.xib; name = Base; path = Base.lproj/LaunchScreen.xib; sourceTree = "<group>"; };
		FC94D9291A494C820067988E /* AllDemoTests.xctest */ = {isa = PBXFileReference; explicitFileType = wrapper.cfbundle; includeInIndex = 0; path = AllDemoTests.xctest; sourceTree = BUILT_PRODUCTS_DIR; };
		FC94D92E1A494C820067988E /* Info.plist */ = {isa = PBXFileReference; lastKnownFileType = text.plist.xml; path = Info.plist; sourceTree = "<group>"; };
		FC94D92F1A494C820067988E /* AllDemoTests.m */ = {isa = PBXFileReference; lastKnownFileType = sourcecode.c.objc; path = AllDemoTests.m; sourceTree = "<group>"; };
		FC94D93A1A4959D00067988E /* OneViewController.h */ = {isa = PBXFileReference; fileEncoding = 4; lastKnownFileType = sourcecode.c.h; path = OneViewController.h; sourceTree = "<group>"; };
		FC94D93B1A4959D00067988E /* OneViewController.m */ = {isa = PBXFileReference; fileEncoding = 4; lastKnownFileType = sourcecode.c.objc; path = OneViewController.m; sourceTree = "<group>"; };
		FC94D93D1A4959E30067988E /* TwoViewController.h */ = {isa = PBXFileReference; fileEncoding = 4; lastKnownFileType = sourcecode.c.h; path = TwoViewController.h; sourceTree = "<group>"; };
		FC94D93E1A4959E30067988E /* TwoViewController.m */ = {isa = PBXFileReference; fileEncoding = 4; lastKnownFileType = sourcecode.c.objc; path = TwoViewController.m; sourceTree = "<group>"; };
/* End PBXFileReference section */

/* Begin PBXFrameworksBuildPhase section */
		FC94D90D1A494C820067988E /* Frameworks */ = {
			isa = PBXFrameworksBuildPhase;
			buildActionMask = 2147483647;
			files = (
			);
			runOnlyForDeploymentPostprocessing = 0;
		};
		FC94D9261A494C820067988E /* Frameworks */ = {
			isa = PBXFrameworksBuildPhase;
			buildActionMask = 2147483647;
			files = (
			);
			runOnlyForDeploymentPostprocessing = 0;
		};
/* End PBXFrameworksBuildPhase section */

/* Begin PBXGroup section */
		FC94D9071A494C820067988E = {
			isa = PBXGroup;
			children = (
				FC94D9121A494C820067988E /* AllDemo */,
				FC94D92C1A494C820067988E /* AllDemoTests */,
				FC94D9111A494C820067988E /* Products */,
			);
			sourceTree = "<group>";
		};
		FC94D9111A494C820067988E /* Products */ = {
			isa = PBXGroup;
			children = (
				FC94D9101A494C820067988E /* AllDemo.app */,
				FC94D9291A494C820067988E /* AllDemoTests.xctest */,
			);
			name = Products;
			sourceTree = "<group>";
		};
		FC94D9121A494C820067988E /* AllDemo */ = {
			isa = PBXGroup;
			children = (
				FC94D9171A494C820067988E /* AppDelegate.h */,
				FC94D9181A494C820067988E /* AppDelegate.m */,
				FC94D91A1A494C820067988E /* ViewController.h */,
				FC94D91B1A494C820067988E /* ViewController.m */,
				FC94D9391A4959A50067988E /* Controllers */,
				FC94D91D1A494C820067988E /* Main.storyboard */,
				FC94D9201A494C820067988E /* Images.xcassets */,
				FC94D9221A494C820067988E /* LaunchScreen.xib */,
				FC94D9131A494C820067988E /* Supporting Files */,
			);
			path = AllDemo;
			sourceTree = "<group>";
		};
		FC94D9131A494C820067988E /* Supporting Files */ = {
			isa = PBXGroup;
			children = (
				FC94D9141A494C820067988E /* Info.plist */,
				FC94D9151A494C820067988E /* main.m */,
			);
			name = "Supporting Files";
			sourceTree = "<group>";
		};
		FC94D92C1A494C820067988E /* AllDemoTests */ = {
			isa = PBXGroup;
			children = (
				FC94D92F1A494C820067988E /* AllDemoTests.m */,
				FC94D92D1A494C820067988E /* Supporting Files */,
			);
			path = AllDemoTests;
			sourceTree = "<group>";
		};
		FC94D92D1A494C820067988E /* Supporting Files */ = {
			isa = PBXGroup;
			children = (
				FC94D92E1A494C820067988E /* Info.plist */,
			);
			name = "Supporting Files";
			sourceTree = "<group>";
		};
		FC94D9391A4959A50067988E /* Controllers */ = {
			isa = PBXGroup;
			children = (
				FC94D93A1A4959D00067988E /* OneViewController.h */,
				FC94D93B1A4959D00067988E /* OneViewController.m */,
				FC94D93D1A4959E30067988E /* TwoViewController.h */,
				FC94D93E1A4959E30067988E /* TwoViewController.m */,
			);
			path = Controllers;
			sourceTree = "<group>";
		};
/* End PBXGroup section */

/* Begin PBXNativeTarget section */
		FC94D90F1A494C820067988E /* AllDemo */ = {
			isa = PBXNativeTarget;
			buildConfigurationList = FC94D9331A494C820067988E /* Build configuration list for PBXNativeTarget "AllDemo" */;
			buildPhases = (
				FC94D90C1A494C820067988E /* Sources */,
				FC94D90D1A494C820067988E /* Frameworks */,
				FC94D90E1A494C820067988E /* Resources */,
			);
			buildRules = (
			);
			dependencies = (
			);
			name = AllDemo;
			productName = AllDemo;
			productReference = FC94D9101A494C820067988E /* AllDemo.app */;
			productType = "com.apple.product-type.application";
		};
		FC94D9281A494C820067988E /* AllDemoTests */ = {
			isa = PBXNativeTarget;
			buildConfigurationList = FC94D9361A494C820067988E /* Build configuration list for PBXNativeTarget "AllDemoTests" */;
			buildPhases = (
				FC94D9251A494C820067988E /* Sources */,
				FC94D9261A494C820067988E /* Frameworks */,
				FC94D9271A494C820067988E /* Resources */,
			);
			buildRules = (
			);
			dependencies = (
				FC94D92B1A494C820067988E /* PBXTargetDependency */,
			);
			name = AllDemoTests;
			productName = AllDemoTests;
			productReference = FC94D9291A494C820067988E /* AllDemoTests.xctest */;
			productType = "com.apple.product-type.bundle.unit-test";
		};
/* End PBXNativeTarget section */

/* Begin PBXProject section */
		FC94D9081A494C820067988E /* Project object */ = {
			isa = PBXProject;
			attributes = {
				LastUpgradeCheck = 0610;
				ORGANIZATIONNAME = suzq;
				TargetAttributes = {
					FC94D90F1A494C820067988E = {
						CreatedOnToolsVersion = 6.1;
					};
					FC94D9281A494C820067988E = {
						CreatedOnToolsVersion = 6.1;
						TestTargetID = FC94D90F1A494C820067988E;
					};
				};
			};
			buildConfigurationList = FC94D90B1A494C820067988E /* Build configuration list for PBXProject "AllDemo" */;
			compatibilityVersion = "Xcode 3.2";
			developmentRegion = English;
			hasScannedForEncodings = 0;
			knownRegions = (
				en,
				Base,
			);
			mainGroup = FC94D9071A494C820067988E;
			productRefGroup = FC94D9111A494C820067988E /* Products */;
			projectDirPath = "";
			projectRoot = "";
			targets = (
				FC94D90F1A494C820067988E /* AllDemo */,
				FC94D9281A494C820067988E /* AllDemoTests */,
			);
		};
/* End PBXProject section */

/* Begin PBXResourcesBuildPhase section */
		FC94D90E1A494C820067988E /* Resources */ = {
			isa = PBXResourcesBuildPhase;
			buildActionMask = 2147483647;
			files = (
				FC94D91F1A494C820067988E /* Main.storyboard in Resources */,
				FC94D9241A494C820067988E /* LaunchScreen.xib in Resources */,
				FC94D9211A494C820067988E /* Images.xcassets in Resources */,
			);
			runOnlyForDeploymentPostprocessing = 0;
		};
		FC94D9271A494C820067988E /* Resources */ = {
			isa = PBXResourcesBuildPhase;
			buildActionMask = 2147483647;
			files = (
			);
			runOnlyForDeploymentPostprocessing = 0;
		};
/* End PBXResourcesBuildPhase section */

/* Begin PBXSourcesBuildPhase section */
		FC94D90C1A494C820067988E /* Sources */ = {
			isa = PBXSourcesBuildPhase;
			buildActionMask = 2147483647;
			files = (
				FC94D91C1A494C820067988E /* ViewController.m in Sources */,
				FC94D9191A494C820067988E /* AppDelegate.m in Sources */,
				FC94D9161A494C820067988E /* main.m in Sources */,
				FC94D93F1A4959E30067988E /* TwoViewController.m in Sources */,
				FC94D93C1A4959D00067988E /* OneViewController.m in Sources */,
			);
			runOnlyForDeploymentPostprocessing = 0;
		};
		FC94D9251A494C820067988E /* Sources */ = {
			isa = PBXSourcesBuildPhase;
			buildActionMask = 2147483647;
			files = (
				FC94D9301A494C820067988E /* AllDemoTests.m in Sources */,
			);
			runOnlyForDeploymentPostprocessing = 0;
		};
/* End PBXSourcesBuildPhase section */

/* Begin PBXTargetDependency section */
		FC94D92B1A494C820067988E /* PBXTargetDependency */ = {
			isa = PBXTargetDependency;
			target = FC94D90F1A494C820067988E /* AllDemo */;
			targetProxy = FC94D92A1A494C820067988E /* PBXContainerItemProxy */;
		};
/* End PBXTargetDependency section */

/* Begin PBXVariantGroup section */
		FC94D91D1A494C820067988E /* Main.storyboard */ = {
			isa = PBXVariantGroup;
			children = (
				FC94D91E1A494C820067988E /* Base */,
			);
			name = Main.storyboard;
			sourceTree = "<group>";
		};
		FC94D9221A494C820067988E /* LaunchScreen.xib */ = {
			isa = PBXVariantGroup;
			children = (
				FC94D9231A494C820067988E /* Base */,
			);
			name = LaunchScreen.xib;
			sourceTree = "<group>";
		};
/* End PBXVariantGroup section */

/* Begin XCBuildConfiguration section */
		FC94D9311A494C820067988E /* Debug */ = {
			isa = XCBuildConfiguration;
			buildSettings = {
				ALWAYS_SEARCH_USER_PATHS = NO;
				CLANG_CXX_LANGUAGE_STANDARD = "gnu++0x";
				CLANG_CXX_LIBRARY = "libc++";
				CLANG_ENABLE_MODULES = YES;
				CLANG_ENABLE_OBJC_ARC = YES;
				CLANG_WARN_BOOL_CONVERSION = YES;
				CLANG_WARN_CONSTANT_CONVERSION = YES;
				CLANG_WARN_DIRECT_OBJC_ISA_USAGE = YES_ERROR;
				CLANG_WARN_EMPTY_BODY = YES;
				CLANG_WARN_ENUM_CONVERSION = YES;
				CLANG_WARN_INT_CONVERSION = YES;
				CLANG_WARN_OBJC_ROOT_CLASS = YES_ERROR;
				CLANG_WARN_UNREACHABLE_CODE = YES;
				CLANG_WARN__DUPLICATE_METHOD_MATCH = YES;
				"CODE_SIGN_IDENTITY[sdk=iphoneos*]" = "iPhone Developer";
				COPY_PHASE_STRIP = NO;
				ENABLE_STRICT_OBJC_MSGSEND = YES;
				GCC_C_LANGUAGE_STANDARD = gnu99;
				GCC_DYNAMIC_NO_PIC = NO;
				GCC_OPTIMIZATION_LEVEL = 0;
				GCC_PREPROCESSOR_DEFINITIONS = (
					"DEBUG=1",
					"$(inherited)",
				);
				GCC_SYMBOLS_PRIVATE_EXTERN = NO;
				GCC_WARN_64_TO_32_BIT_CONVERSION = YES;
				GCC_WARN_ABOUT_RETURN_TYPE = YES_ERROR;
				GCC_WARN_UNDECLARED_SELECTOR = YES;
				GCC_WARN_UNINITIALIZED_AUTOS = YES_AGGRESSIVE;
				GCC_WARN_UNUSED_FUNCTION = YES;
				GCC_WARN_UNUSED_VARIABLE = YES;
				IPHONEOS_DEPLOYMENT_TARGET = 8.1;
				MTL_ENABLE_DEBUG_INFO = YES;
				ONLY_ACTIVE_ARCH = YES;
				SDKROOT = iphoneos;
				TARGETED_DEVICE_FAMILY = "1,2";
			};
			name = Debug;
		};
		FC94D9321A494C820067988E /* Release */ = {
			isa = XCBuildConfiguration;
			buildSettings = {
				ALWAYS_SEARCH_USER_PATHS = NO;
				CLANG_CXX_LANGUAGE_STANDARD = "gnu++0x";
				CLANG_CXX_LIBRARY = "libc++";
				CLANG_ENABLE_MODULES = YES;
				CLANG_ENABLE_OBJC_ARC = YES;
				CLANG_WARN_BOOL_CONVERSION = YES;
				CLANG_WARN_CONSTANT_CONVERSION = YES;
				CLANG_WARN_DIRECT_OBJC_ISA_USAGE = YES_ERROR;
				CLANG_WARN_EMPTY_BODY = YES;
				CLANG_WARN_ENUM_CONVERSION = YES;
				CLANG_WARN_INT_CONVERSION = YES;
				CLANG_WARN_OBJC_ROOT_CLASS = YES_ERROR;
				CLANG_WARN_UNREACHABLE_CODE = YES;
				CLANG_WARN__DUPLICATE_METHOD_MATCH = YES;
				"CODE_SIGN_IDENTITY[sdk=iphoneos*]" = "iPhone Developer";
				COPY_PHASE_STRIP = YES;
				ENABLE_NS_ASSERTIONS = NO;
				ENABLE_STRICT_OBJC_MSGSEND = YES;
				GCC_C_LANGUAGE_STANDARD = gnu99;
				GCC_WARN_64_TO_32_BIT_CONVERSION = YES;
				GCC_WARN_ABOUT_RETURN_TYPE = YES_ERROR;
				GCC_WARN_UNDECLARED_SELECTOR = YES;
				GCC_WARN_UNINITIALIZED_AUTOS = YES_AGGRESSIVE;
				GCC_WARN_UNUSED_FUNCTION = YES;
				GCC_WARN_UNUSED_VARIABLE = YES;
				IPHONEOS_DEPLOYMENT_TARGET = 8.1;
				MTL_ENABLE_DEBUG_INFO = NO;
				SDKROOT = iphoneos;
				TARGETED_DEVICE_FAMILY = "1,2";
				VALIDATE_PRODUCT = YES;
			};
			name = Release;
		};
		FC94D9341A494C820067988E /* Debug */ = {
			isa = XCBuildConfiguration;
			buildSettings = {
				ASSETCATALOG_COMPILER_APPICON_NAME = AppIcon;
				INFOPLIST_FILE = AllDemo/Info.plist;
				IPHONEOS_DEPLOYMENT_TARGET = 7.0;
				LD_RUNPATH_SEARCH_PATHS = "$(inherited) @executable_path/Frameworks";
				PRODUCT_NAME = "$(TARGET_NAME)";
			};
			name = Debug;
		};
		FC94D9351A494C820067988E /* Release */ = {
			isa = XCBuildConfiguration;
			buildSettings = {
				ASSETCATALOG_COMPILER_APPICON_NAME = AppIcon;
				INFOPLIST_FILE = AllDemo/Info.plist;
				IPHONEOS_DEPLOYMENT_TARGET = 7.0;
				LD_RUNPATH_SEARCH_PATHS = "$(inherited) @executable_path/Frameworks";
				PRODUCT_NAME = "$(TARGET_NAME)";
			};
			name = Release;
		};
		FC94D9371A494C820067988E /* Debug */ = {
			isa = XCBuildConfiguration;
			buildSettings = {
				BUNDLE_LOADER = "$(TEST_HOST)";
				FRAMEWORK_SEARCH_PATHS = (
					"$(SDKROOT)/Developer/Library/Frameworks",
					"$(inherited)",
				);
				GCC_PREPROCESSOR_DEFINITIONS = (
					"DEBUG=1",
					"$(inherited)",
				);
				INFOPLIST_FILE = AllDemoTests/Info.plist;
				LD_RUNPATH_SEARCH_PATHS = "$(inherited) @executable_path/Frameworks @loader_path/Frameworks";
				PRODUCT_NAME = "$(TARGET_NAME)";
				TEST_HOST = "$(BUILT_PRODUCTS_DIR)/AllDemo.app/AllDemo";
			};
			name = Debug;
		};
		FC94D9381A494C820067988E /* Release */ = {
			isa = XCBuildConfiguration;
			buildSettings = {
				BUNDLE_LOADER = "$(TEST_HOST)";
				FRAMEWORK_SEARCH_PATHS = (
					"$(SDKROOT)/Developer/Library/Frameworks",
					"$(inherited)",
				);
				INFOPLIST_FILE = AllDemoTests/Info.plist;
				LD_RUNPATH_SEARCH_PATHS = "$(inherited) @executable_path/Frameworks @loader_path/Frameworks";
				PRODUCT_NAME = "$(TARGET_NAME)";
				TEST_HOST = "$(BUILT_PRODUCTS_DIR)/AllDemo.app/AllDemo";
			};
			name = Release;
		};
/* End XCBuildConfiguration section */

/* Begin XCConfigurationList section */
		FC94D90B1A494C820067988E /* Build configuration list for PBXProject "AllDemo" */ = {
			isa = XCConfigurationList;
			buildConfigurations = (
				FC94D9311A494C820067988E /* Debug */,
				FC94D9321A494C820067988E /* Release */,
			);
			defaultConfigurationIsVisible = 0;
			defaultConfigurationName = Release;
		};
		FC94D9331A494C820067988E /* Build configuration list for PBXNativeTarget "AllDemo" */ = {
			isa = XCConfigurationList;
			buildConfigurations = (
				FC94D9341A494C820067988E /* Debug */,
				FC94D9351A494C820067988E /* Release */,
			);
			defaultConfigurationIsVisible = 0;
		};
		FC94D9361A494C820067988E /* Build configuration list for PBXNativeTarget "AllDemoTests" */ = {
			isa = XCConfigurationList;
			buildConfigurations = (
				FC94D9371A494C820067988E /* Debug */,
				FC94D9381A494C820067988E /* Release */,
			);
			defaultConfigurationIsVisible = 0;
		};
/* End XCConfigurationList section */
	};
	rootObject = FC94D9081A494C820067988E /* Project object */;
}
